
Microsoft Visual Studio Solution File, Format Version 12.00
# Visual Studio Version 17
VisualStudioVersion = 17.7.34221.43
MinimumVisualStudioVersion = 10.0.40219.1
Project("{FAE04EC0-301F-11D3-BF4B-00C04F79EFBC}") = "HRManagement", "HRManagement\HRManagement.csproj", "{43099FE7-3F3E-4A06-B231-CDECC48F4BB0}"
EndProject
Project("{FAE04EC0-301F-11D3-BF4B-00C04F79EFBC}") = "HRManagement.DAL", "HRManagement.DAL\HRManagement.DAL.csproj", "{FB45703B-E299-4743-834B-C3F4F9F45D79}"
EndProject
Global
	GlobalSection(SolutionConfigurationPlatforms) = preSolution
		Debug|Any CPU = Debug|Any CPU
		Release|Any CPU = Release|Any CPU
	EndGlobalSection
	GlobalSection(ProjectConfigurationPlatforms) = postSolution
		{43099FE7-3F3E-4A06-B231-CDECC48F4BB0}.Debug|Any CPU.ActiveCfg = Debug|Any CPU
		{43099FE7-3F3E-4A06-B231-CDECC48F4BB0}.Debug|Any CPU.Build.0 = Debug|Any CPU
		{43099FE7-3F3E-4A06-B231-CDECC48F4BB0}.Release|Any CPU.ActiveCfg = Release|Any CPU
		{43099FE7-3F3E-4A06-B231-CDECC48F4BB0}.Release|Any CPU.Build.0 = Release|Any CPU
		{FB45703B-E299-4743-834B-C3F4F9F45D79}.Debug|Any CPU.ActiveCfg = Debug|Any CPU
		{FB45703B-E299-4743-834B-C3F4F9F45D79}.Debug|Any CPU.Build.0 = Debug|Any CPU
		{FB45703B-E299-4743-834B-C3F4F9F45D79}.Release|Any CPU.ActiveCfg = Release|Any CPU
		{FB45703B-E299-4743-834B-C3F4F9F45D79}.Release|Any CPU.Build.0 = Release|Any CPU
	EndGlobalSection
	GlobalSection(SolutionProperties) = preSolution
		HideSolutionNode = FALSE
	EndGlobalSection
	GlobalSection(ExtensibilityGlobals) = postSolution
		SolutionGuid = {DC1D29E2-E8B1-48D1-A92C-18F85BCB2CB2}
	EndGlobalSection
EndGlobal
